
Microsoft Visual Studio Solution File, Format Version 11.00
# Visual Studio 2010
Project("{00000000-0000-0000-0000-000000000000}") = "LadderTester", "LadderTester.csproj", "{C812444A-5893-4455-9733-DEEFD9FAE4F0}"
EndProject
Global
	GlobalSection(SolutionConfigurationPlatforms) = preSolution
		Debug|Any CPU = Debug|Any CPU
		Release|Any CPU = Release|Any CPU
	EndGlobalSection
	GlobalSection(ProjectConfigurationPlatforms) = postSolution
		{C812444A-5893-4455-9733-DEEFD9FAE4F0}.Debug|Any CPU.ActiveCfg = Debug|Any CPU
		{C812444A-5893-4455-9733-DEEFD9FAE4F0}.Debug|Any CPU.Build.0 = Debug|Any CPU
		{C812444A-5893-4455-9733-DEEFD9FAE4F0}.Release|Any CPU.ActiveCfg = Release|Any CPU
		{C812444A-5893-4455-9733-DEEFD9FAE4F0}.Release|Any CPU.Build.0 = Release|Any CPU
	EndGlobalSection
	GlobalSection(SolutionProperties) = preSolution
		HideSolutionNode = FALSE
	EndGlobalSection
EndGlobal
